
Microsoft Visual Studio Solution File, Format Version 12.00
# Visual Studio Version 16
VisualStudioVersion = 16.0.32106.194
MinimumVisualStudioVersion = 10.0.40219.1
Project("{9A19103F-16F7-4668-BE54-9A1E7A4F7556}") = "SwarmIntelligence", "SwarmIntelligence\SwarmIntelligence.csproj", "{C88B4657-E079-490D-A978-018F89A8F254}"
EndProject
Project("{FAE04EC0-301F-11D3-BF4B-00C04F79EFBC}") = "Gravity", "Gravity\Gravity.csproj", "{DA1D1AC6-72B3-418F-B4E9-A5D0CCF5DB48}"
EndProject
Global
	GlobalSection(SolutionConfigurationPlatforms) = preSolution
		Debug|Any CPU = Debug|Any CPU
		Release|Any CPU = Release|Any CPU
	EndGlobalSection
	GlobalSection(ProjectConfigurationPlatforms) = postSolution
		{C88B4657-E079-490D-A978-018F89A8F254}.Debug|Any CPU.ActiveCfg = Debug|Any CPU
		{C88B4657-E079-490D-A978-018F89A8F254}.Debug|Any CPU.Build.0 = Debug|Any CPU
		{C88B4657-E079-490D-A978-018F89A8F254}.Release|Any CPU.ActiveCfg = Release|Any CPU
		{C88B4657-E079-490D-A978-018F89A8F254}.Release|Any CPU.Build.0 = Release|Any CPU
		{DA1D1AC6-72B3-418F-B4E9-A5D0CCF5DB48}.Debug|Any CPU.ActiveCfg = Debug|Any CPU
		{DA1D1AC6-72B3-418F-B4E9-A5D0CCF5DB48}.Debug|Any CPU.Build.0 = Debug|Any CPU
		{DA1D1AC6-72B3-418F-B4E9-A5D0CCF5DB48}.Release|Any CPU.ActiveCfg = Release|Any CPU
		{DA1D1AC6-72B3-418F-B4E9-A5D0CCF5DB48}.Release|Any CPU.Build.0 = Release|Any CPU
	EndGlobalSection
	GlobalSection(SolutionProperties) = preSolution
		HideSolutionNode = FALSE
	EndGlobalSection
	GlobalSection(ExtensibilityGlobals) = postSolution
		SolutionGuid = {BE2C5B75-DBBA-4372-9DC7-CC8C397363D1}
	EndGlobalSection
EndGlobal
